
Microsoft Visual Studio Solution File, Format Version 12.00
# Visual Studio Version 17
VisualStudioVersion = 17.14.37216.2
MinimumVisualStudioVersion = 10.0.40219.1
Project("{FAE04EC0-301F-11D3-BF4B-00C04F79EFBC}") = "TecFlow.Orquestrador", "TecFlow.Orquestrador\TecFlow.Orquestrador.csproj", "{9A1BE91E-ACC6-4C2A-A3AE-10F4A374685E}"
EndProject
Project("{FAE04EC0-301F-11D3-BF4B-00C04F79EFBC}") = "TecFlow.Core", "TecFlow.Core\TecFlow.Core.csproj", "{93295711-B838-488C-AEB4-4DF5C6AFC4E7}"
EndProject
Project("{FAE04EC0-301F-11D3-BF4B-00C04F79EFBC}") = "TecFlow.API", "TecFlow.API\TecFlow.API.csproj", "{AD32A824-FE95-456F-A188-799F3DF9901C}"
EndProject
Project("{FAE04EC0-301F-11D3-BF4B-00C04F79EFBC}") = "TecFlow.Tests", "TecFlow.Tests\TecFlow.Tests.csproj", "{159EEE81-ACEF-49CE-BB1D-480CECE7FA68}"
EndProject
Project("{FAE04EC0-301F-11D3-BF4B-00C04F79EFBC}") = "TecFlow.Util", "TecFlow.Util\TecFlow.Util.csproj", "{C972408E-94E2-4C14-8EAC-C73ED2FC8A3D}"
EndProject
Project("{FAE04EC0-301F-11D3-BF4B-00C04F79EFBC}") = "TecFlow.Application", "TecFlow.Application\TecFlow.Application.csproj", "{C920449F-4C34-4E2D-B4E5-61CD58CB6877}"
EndProject
Project("{FAE04EC0-301F-11D3-BF4B-00C04F79EFBC}") = "TecFlow.Infrastructure", "TecFlow.Infrastructure\TecFlow.Infrastructure.csproj", "{32E77CCC-EEF6-4BBF-8F01-D188630EB734}"
EndProject
Project("{FAE04EC0-301F-11D3-BF4B-00C04F79EFBC}") = "Tecso.LerArquivos", "..\Tecso.LerArquivos\Tecso.LerArquivos\Tecso.LerArquivos.csproj", "{DD984D2D-CB89-17DD-D5B4-F2CBE6ECB272}"
EndProject
Project("{FAE04EC0-301F-11D3-BF4B-00C04F79EFBC}") = "TecFlow.Infrastructure.Services", "TecFlow.Infrastructure.Services\TecFlow.Infrastructure.Services.csproj", "{65D88694-222A-4D38-A7EC-28626A4CC7D2}"
EndProject
Project("{FAE04EC0-301F-11D3-BF4B-00C04F79EFBC}") = "TecFlow.Worker", "TecFlow.Worker\TecFlow.Worker.csproj", "{55C18B01-1396-4B40-9CF2-1A13AA73EC5A}"
EndProject
Project("{FAE04EC0-301F-11D3-BF4B-00C04F79EFBC}") = "TecFlow.Database", "TecFlow.Database\TecFlow.Database.csproj", "{1464CDF3-70F9-46D9-890D-9A5022D87E0D}"
EndProject
Project("{FAE04EC0-301F-11D3-BF4B-00C04F79EFBC}") = "TecFlow.Business", "TecFlow.Business\TecFlow.Business.csproj", "{0BA0F197-270B-4727-9029-224C7D101AD2}"
EndProject
Project("{FAE04EC0-301F-11D3-BF4B-00C04F79EFBC}") = "TecFlow.WebUi", "TecFlow.WebUi\TecFlow.WebUi.csproj", "{336A7CCB-8B27-4A1B-9698-22952C94AA99}"
EndProject
Global
	GlobalSection(SolutionConfigurationPlatforms) = preSolution
		Debug|Any CPU = Debug|Any CPU
		Debug|x64 = Debug|x64
		Debug|x86 = Debug|x86
		Release|Any CPU = Release|Any CPU
		Release|x64 = Release|x64
		Release|x86 = Release|x86
	EndGlobalSection
	GlobalSection(ProjectConfigurationPlatforms) = postSolution
		{9A1BE91E-ACC6-4C2A-A3AE-10F4A374685E}.Debug|Any CPU.ActiveCfg = Debug|Any CPU
		{9A1BE91E-ACC6-4C2A-A3AE-10F4A374685E}.Debug|Any CPU.Build.0 = Debug|Any CPU
		{9A1BE91E-ACC6-4C2A-A3AE-10F4A374685E}.Debug|x64.ActiveCfg = Debug|Any CPU
		{9A1BE91E-ACC6-4C2A-A3AE-10F4A374685E}.Debug|x64.Build.0 = Debug|Any CPU
		{9A1BE91E-ACC6-4C2A-A3AE-10F4A374685E}.Debug|x86.ActiveCfg = Debug|Any CPU
		{9A1BE91E-ACC6-4C2A-A3AE-10F4A374685E}.Debug|x86.Build.0 = Debug|Any CPU
		{9A1BE91E-ACC6-4C2A-A3AE-10F4A374685E}.Release|Any CPU.ActiveCfg = Release|Any CPU
		{9A1BE91E-ACC6-4C2A-A3AE-10F4A374685E}.Release|Any CPU.Build.0 = Release|Any CPU
		{9A1BE91E-ACC6-4C2A-A3AE-10F4A374685E}.Release|x64.ActiveCfg = Release|Any CPU
		{9A1BE91E-ACC6-4C2A-A3AE-10F4A374685E}.Release|x64.Build.0 = Release|Any CPU
		{9A1BE91E-ACC6-4C2A-A3AE-10F4A374685E}.Release|x86.ActiveCfg = Release|Any CPU
		{9A1BE91E-ACC6-4C2A-A3AE-10F4A374685E}.Release|x86.Build.0 = Release|Any CPU
		{93295711-B838-488C-AEB4-4DF5C6AFC4E7}.Debug|Any CPU.ActiveCfg = Debug|Any CPU
		{93295711-B838-488C-AEB4-4DF5C6AFC4E7}.Debug|Any CPU.Build.0 = Debug|Any CPU
		{93295711-B838-488C-AEB4-4DF5C6AFC4E7}.Debug|x64.ActiveCfg = Debug|Any CPU
		{93295711-B838-488C-AEB4-4DF5C6AFC4E7}.Debug|x64.Build.0 = Debug|Any CPU
		{93295711-B838-488C-AEB4-4DF5C6AFC4E7}.Debug|x86.ActiveCfg = Debug|Any CPU
		{93295711-B838-488C-AEB4-4DF5C6AFC4E7}.Debug|x86.Build.0 = Debug|Any CPU
		{93295711-B838-488C-AEB4-4DF5C6AFC4E7}.Release|Any CPU.ActiveCfg = Release|Any CPU
		{93295711-B838-488C-AEB4-4DF5C6AFC4E7}.Release|Any CPU.Build.0 = Release|Any CPU
		{93295711-B838-488C-AEB4-4DF5C6AFC4E7}.Release|x64.ActiveCfg = Release|Any CPU
		{93295711-B838-488C-AEB4-4DF5C6AFC4E7}.Release|x64.Build.0 = Release|Any CPU
		{93295711-B838-488C-AEB4-4DF5C6AFC4E7}.Release|x86.ActiveCfg = Release|Any CPU
		{93295711-B838-488C-AEB4-4DF5C6AFC4E7}.Release|x86.Build.0 = Release|Any CPU
		{AD32A824-FE95-456F-A188-799F3DF9901C}.Debug|Any CPU.ActiveCfg = Debug|Any CPU
		{AD32A824-FE95-456F-A188-799F3DF9901C}.Debug|Any CPU.Build.0 = Debug|Any CPU
		{AD32A824-FE95-456F-A188-799F3DF9901C}.Debug|x64.ActiveCfg = Debug|Any CPU
		{AD32A824-FE95-456F-A188-799F3DF9901C}.Debug|x64.Build.0 = Debug|Any CPU
		{AD32A824-FE95-456F-A188-799F3DF9901C}.Debug|x86.ActiveCfg = Debug|Any CPU
		{AD32A824-FE95-456F-A188-799F3DF9901C}.Debug|x86.Build.0 = Debug|Any CPU
		{AD32A824-FE95-456F-A188-799F3DF9901C}.Release|Any CPU.ActiveCfg = Release|Any CPU
		{AD32A824-FE95-456F-A188-799F3DF9901C}.Release|Any CPU.Build.0 = Release|Any CPU
		{AD32A824-FE95-456F-A188-799F3DF9901C}.Release|x64.ActiveCfg = Release|Any CPU
		{AD32A824-FE95-456F-A188-799F3DF9901C}.Release|x64.Build.0 = Release|Any CPU
		{AD32A824-FE95-456F-A188-799F3DF9901C}.Release|x86.ActiveCfg = Release|Any CPU
		{AD32A824-FE95-456F-A188-799F3DF9901C}.Release|x86.Build.0 = Release|Any CPU
		{159EEE81-ACEF-49CE-BB1D-480CECE7FA68}.Debug|Any CPU.ActiveCfg = Debug|Any CPU
		{159EEE81-ACEF-49CE-BB1D-480CECE7FA68}.Debug|Any CPU.Build.0 = Debug|Any CPU
		{159EEE81-ACEF-49CE-BB1D-480CECE7FA68}.Debug|x64.ActiveCfg = Debug|Any CPU
		{159EEE81-ACEF-49CE-BB1D-480CECE7FA68}.Debug|x64.Build.0 = Debug|Any CPU
		{159EEE81-ACEF-49CE-BB1D-480CECE7FA68}.Debug|x86.ActiveCfg = Debug|Any CPU
		{159EEE81-ACEF-49CE-BB1D-480CECE7FA68}.Debug|x86.Build.0 = Debug|Any CPU
		{159EEE81-ACEF-49CE-BB1D-480CECE7FA68}.Release|Any CPU.ActiveCfg = Release|Any CPU
		{159EEE81-ACEF-49CE-BB1D-480CECE7FA68}.Release|Any CPU.Build.0 = Release|Any CPU
		{159EEE81-ACEF-49CE-BB1D-480CECE7FA68}.Release|x64.ActiveCfg = Release|Any CPU
		{159EEE81-ACEF-49CE-BB1D-480CECE7FA68}.Release|x64.Build.0 = Release|Any CPU
		{159EEE81-ACEF-49CE-BB1D-480CECE7FA68}.Release|x86.ActiveCfg = Release|Any CPU
		{159EEE81-ACEF-49CE-BB1D-480CECE7FA68}.Release|x86.Build.0 = Release|Any CPU
		{C972408E-94E2-4C14-8EAC-C73ED2FC8A3D}.Debug|Any CPU.ActiveCfg = Debug|Any CPU
		{C972408E-94E2-4C14-8EAC-C73ED2FC8A3D}.Debug|Any CPU.Build.0 = Debug|Any CPU
		{C972408E-94E2-4C14-8EAC-C73ED2FC8A3D}.Debug|x64.ActiveCfg = Debug|Any CPU
		{C972408E-94E2-4C14-8EAC-C73ED2FC8A3D}.Debug|x64.Build.0 = Debug|Any CPU
		{C972408E-94E2-4C14-8EAC-C73ED2FC8A3D}.Debug|x86.ActiveCfg = Debug|Any CPU
		{C972408E-94E2-4C14-8EAC-C73ED2FC8A3D}.Debug|x86.Build.0 = Debug|Any CPU
		{C972408E-94E2-4C14-8EAC-C73ED2FC8A3D}.Release|Any CPU.ActiveCfg = Release|Any CPU
		{C972408E-94E2-4C14-8EAC-C73ED2FC8A3D}.Release|Any CPU.Build.0 = Release|Any CPU
		{C972408E-94E2-4C14-8EAC-C73ED2FC8A3D}.Release|x64.ActiveCfg = Release|Any CPU
		{C972408E-94E2-4C14-8EAC-C73ED2FC8A3D}.Release|x64.Build.0 = Release|Any CPU
		{C972408E-94E2-4C14-8EAC-C73ED2FC8A3D}.Release|x86.ActiveCfg = Release|Any CPU
		{C972408E-94E2-4C14-8EAC-C73ED2FC8A3D}.Release|x86.Build.0 = Release|Any CPU
		{C920449F-4C34-4E2D-B4E5-61CD58CB6877}.Debug|Any CPU.ActiveCfg = Debug|Any CPU
		{C920449F-4C34-4E2D-B4E5-61CD58CB6877}.Debug|Any CPU.Build.0 = Debug|Any CPU
		{C920449F-4C34-4E2D-B4E5-61CD58CB6877}.Debug|x64.ActiveCfg = Debug|Any CPU
		{C920449F-4C34-4E2D-B4E5-61CD58CB6877}.Debug|x64.Build.0 = Debug|Any CPU
		{C920449F-4C34-4E2D-B4E5-61CD58CB6877}.Debug|x86.ActiveCfg = Debug|Any CPU
		{C920449F-4C34-4E2D-B4E5-61CD58CB6877}.Debug|x86.Build.0 = Debug|Any CPU
		{C920449F-4C34-4E2D-B4E5-61CD58CB6877}.Release|Any CPU.ActiveCfg = Release|Any CPU
		{C920449F-4C34-4E2D-B4E5-61CD58CB6877}.Release|Any CPU.Build.0 = Release|Any CPU
		{C920449F-4C34-4E2D-B4E5-61CD58CB6877}.Release|x64.ActiveCfg = Release|Any CPU
		{C920449F-4C34-4E2D-B4E5-61CD58CB6877}.Release|x64.Build.0 = Release|Any CPU
		{C920449F-4C34-4E2D-B4E5-61CD58CB6877}.Release|x86.ActiveCfg = Release|Any CPU
		{C920449F-4C34-4E2D-B4E5-61CD58CB6877}.Release|x86.Build.0 = Release|Any CPU
		{32E77CCC-EEF6-4BBF-8F01-D188630EB734}.Debug|Any CPU.ActiveCfg = Debug|Any CPU
		{32E77CCC-EEF6-4BBF-8F01-D188630EB734}.Debug|Any CPU.Build.0 = Debug|Any CPU
		{32E77CCC-EEF6-4BBF-8F01-D188630EB734}.Debug|x64.ActiveCfg = Debug|Any CPU
		{32E77CCC-EEF6-4BBF-8F01-D188630EB734}.Debug|x64.Build.0 = Debug|Any CPU
		{32E77CCC-EEF6-4BBF-8F01-D188630EB734}.Debug|x86.ActiveCfg = Debug|Any CPU
		{32E77CCC-EEF6-4BBF-8F01-D188630EB734}.Debug|x86.Build.0 = Debug|Any CPU
		{32E77CCC-EEF6-4BBF-8F01-D188630EB734}.Release|Any CPU.ActiveCfg = Release|Any CPU
		{32E77CCC-EEF6-4BBF-8F01-D188630EB734}.Release|Any CPU.Build.0 = Release|Any CPU
		{32E77CCC-EEF6-4BBF-8F01-D188630EB734}.Release|x64.ActiveCfg = Release|Any CPU
		{32E77CCC-EEF6-4BBF-8F01-D188630EB734}.Release|x64.Build.0 = Release|Any CPU
		{32E77CCC-EEF6-4BBF-8F01-D188630EB734}.Release|x86.ActiveCfg = Release|Any CPU
		{32E77CCC-EEF6-4BBF-8F01-D188630EB734}.Release|x86.Build.0 = Release|Any CPU
		{DD984D2D-CB89-17DD-D5B4-F2CBE6ECB272}.Debug|Any CPU.ActiveCfg = Debug|Any CPU
		{DD984D2D-CB89-17DD-D5B4-F2CBE6ECB272}.Debug|Any CPU.Build.0 = Debug|Any CPU
		{DD984D2D-CB89-17DD-D5B4-F2CBE6ECB272}.Debug|x64.ActiveCfg = Debug|Any CPU
		{DD984D2D-CB89-17DD-D5B4-F2CBE6ECB272}.Debug|x64.Build.0 = Debug|Any CPU
		{DD984D2D-CB89-17DD-D5B4-F2CBE6ECB272}.Debug|x86.ActiveCfg = Debug|Any CPU
		{DD984D2D-CB89-17DD-D5B4-F2CBE6ECB272}.Debug|x86.Build.0 = Debug|Any CPU
		{DD984D2D-CB89-17DD-D5B4-F2CBE6ECB272}.Release|Any CPU.ActiveCfg = Release|Any CPU
		{DD984D2D-CB89-17DD-D5B4-F2CBE6ECB272}.Release|Any CPU.Build.0 = Release|Any CPU
		{DD984D2D-CB89-17DD-D5B4-F2CBE6ECB272}.Release|x64.ActiveCfg = Release|Any CPU
		{DD984D2D-CB89-17DD-D5B4-F2CBE6ECB272}.Release|x64.Build.0 = Release|Any CPU
		{DD984D2D-CB89-17DD-D5B4-F2CBE6ECB272}.Release|x86.ActiveCfg = Release|Any CPU
		{DD984D2D-CB89-17DD-D5B4-F2CBE6ECB272}.Release|x86.Build.0 = Release|Any CPU
		{65D88694-222A-4D38-A7EC-28626A4CC7D2}.Debug|Any CPU.ActiveCfg = Debug|Any CPU
		{65D88694-222A-4D38-A7EC-28626A4CC7D2}.Debug|Any CPU.Build.0 = Debug|Any CPU
		{65D88694-222A-4D38-A7EC-28626A4CC7D2}.Debug|x64.ActiveCfg = Debug|Any CPU
		{65D88694-222A-4D38-A7EC-28626A4CC7D2}.Debug|x64.Build.0 = Debug|Any CPU
		{65D88694-222A-4D38-A7EC-28626A4CC7D2}.Debug|x86.ActiveCfg = Debug|Any CPU
		{65D88694-222A-4D38-A7EC-28626A4CC7D2}.Debug|x86.Build.0 = Debug|Any CPU
		{65D88694-222A-4D38-A7EC-28626A4CC7D2}.Release|Any CPU.ActiveCfg = Release|Any CPU
		{65D88694-222A-4D38-A7EC-28626A4CC7D2}.Release|Any CPU.Build.0 = Release|Any CPU
		{65D88694-222A-4D38-A7EC-28626A4CC7D2}.Release|x64.ActiveCfg = Release|Any CPU
		{65D88694-222A-4D38-A7EC-28626A4CC7D2}.Release|x64.Build.0 = Release|Any CPU
		{65D88694-222A-4D38-A7EC-28626A4CC7D2}.Release|x86.ActiveCfg = Release|Any CPU
		{65D88694-222A-4D38-A7EC-28626A4CC7D2}.Release|x86.Build.0 = Release|Any CPU
		{55C18B01-1396-4B40-9CF2-1A13AA73EC5A}.Debug|Any CPU.ActiveCfg = Debug|Any CPU
		{55C18B01-1396-4B40-9CF2-1A13AA73EC5A}.Debug|Any CPU.Build.0 = Debug|Any CPU
		{55C18B01-1396-4B40-9CF2-1A13AA73EC5A}.Debug|x64.ActiveCfg = Debug|Any CPU
		{55C18B01-1396-4B40-9CF2-1A13AA73EC5A}.Debug|x64.Build.0 = Debug|Any CPU
		{55C18B01-1396-4B40-9CF2-1A13AA73EC5A}.Debug|x86.ActiveCfg = Debug|Any CPU
		{55C18B01-1396-4B40-9CF2-1A13AA73EC5A}.Debug|x86.Build.0 = Debug|Any CPU
		{55C18B01-1396-4B40-9CF2-1A13AA73EC5A}.Release|Any CPU.ActiveCfg = Release|Any CPU
		{55C18B01-1396-4B40-9CF2-1A13AA73EC5A}.Release|Any CPU.Build.0 = Release|Any CPU
		{55C18B01-1396-4B40-9CF2-1A13AA73EC5A}.Release|x64.ActiveCfg = Release|Any CPU
		{55C18B01-1396-4B40-9CF2-1A13AA73EC5A}.Release|x64.Build.0 = Release|Any CPU
		{55C18B01-1396-4B40-9CF2-1A13AA73EC5A}.Release|x86.ActiveCfg = Release|Any CPU
		{55C18B01-1396-4B40-9CF2-1A13AA73EC5A}.Release|x86.Build.0 = Release|Any CPU
		{1464CDF3-70F9-46D9-890D-9A5022D87E0D}.Debug|Any CPU.ActiveCfg = Debug|Any CPU
		{1464CDF3-70F9-46D9-890D-9A5022D87E0D}.Debug|Any CPU.Build.0 = Debug|Any CPU
		{1464CDF3-70F9-46D9-890D-9A5022D87E0D}.Debug|x64.ActiveCfg = Debug|Any CPU
		{1464CDF3-70F9-46D9-890D-9A5022D87E0D}.Debug|x64.Build.0 = Debug|Any CPU
		{1464CDF3-70F9-46D9-890D-9A5022D87E0D}.Debug|x86.ActiveCfg = Debug|Any CPU
		{1464CDF3-70F9-46D9-890D-9A5022D87E0D}.Debug|x86.Build.0 = Debug|Any CPU
		{1464CDF3-70F9-46D9-890D-9A5022D87E0D}.Release|Any CPU.ActiveCfg = Release|Any CPU
		{1464CDF3-70F9-46D9-890D-9A5022D87E0D}.Release|Any CPU.Build.0 = Release|Any CPU
		{1464CDF3-70F9-46D9-890D-9A5022D87E0D}.Release|x64.ActiveCfg = Release|Any CPU
		{1464CDF3-70F9-46D9-890D-9A5022D87E0D}.Release|x64.Build.0 = Release|Any CPU
		{1464CDF3-70F9-46D9-890D-9A5022D87E0D}.Release|x86.ActiveCfg = Release|Any CPU
		{1464CDF3-70F9-46D9-890D-9A5022D87E0D}.Release|x86.Build.0 = Release|Any CPU
		{0BA0F197-270B-4727-9029-224C7D101AD2}.Debug|Any CPU.ActiveCfg = Debug|Any CPU
		{0BA0F197-270B-4727-9029-224C7D101AD2}.Debug|Any CPU.Build.0 = Debug|Any CPU
		{0BA0F197-270B-4727-9029-224C7D101AD2}.Debug|x64.ActiveCfg = Debug|Any CPU
		{0BA0F197-270B-4727-9029-224C7D101AD2}.Debug|x64.Build.0 = Debug|Any CPU
		{0BA0F197-270B-4727-9029-224C7D101AD2}.Debug|x86.ActiveCfg = Debug|Any CPU
		{0BA0F197-270B-4727-9029-224C7D101AD2}.Debug|x86.Build.0 = Debug|Any CPU
		{0BA0F197-270B-4727-9029-224C7D101AD2}.Release|Any CPU.ActiveCfg = Release|Any CPU
		{0BA0F197-270B-4727-9029-224C7D101AD2}.Release|Any CPU.Build.0 = Release|Any CPU
		{0BA0F197-270B-4727-9029-224C7D101AD2}.Release|x64.ActiveCfg = Release|Any CPU
		{0BA0F197-270B-4727-9029-224C7D101AD2}.Release|x64.Build.0 = Release|Any CPU
		{0BA0F197-270B-4727-9029-224C7D101AD2}.Release|x86.ActiveCfg = Release|Any CPU
		{0BA0F197-270B-4727-9029-224C7D101AD2}.Release|x86.Build.0 = Release|Any CPU
		{336A7CCB-8B27-4A1B-9698-22952C94AA99}.Debug|Any CPU.ActiveCfg = Debug|Any CPU
		{336A7CCB-8B27-4A1B-9698-22952C94AA99}.Debug|Any CPU.Build.0 = Debug|Any CPU
		{336A7CCB-8B27-4A1B-9698-22952C94AA99}.Debug|x64.ActiveCfg = Debug|Any CPU
		{336A7CCB-8B27-4A1B-9698-22952C94AA99}.Debug|x64.Build.0 = Debug|Any CPU
		{336A7CCB-8B27-4A1B-9698-22952C94AA99}.Debug|x86.ActiveCfg = Debug|Any CPU
		{336A7CCB-8B27-4A1B-9698-22952C94AA99}.Debug|x86.Build.0 = Debug|Any CPU
		{336A7CCB-8B27-4A1B-9698-22952C94AA99}.Release|Any CPU.ActiveCfg = Release|Any CPU
		{336A7CCB-8B27-4A1B-9698-22952C94AA99}.Release|Any CPU.Build.0 = Release|Any CPU
		{336A7CCB-8B27-4A1B-9698-22952C94AA99}.Release|x64.ActiveCfg = Release|Any CPU
		{336A7CCB-8B27-4A1B-9698-22952C94AA99}.Release|x64.Build.0 = Release|Any CPU
		{336A7CCB-8B27-4A1B-9698-22952C94AA99}.Release|x86.ActiveCfg = Release|Any CPU
		{336A7CCB-8B27-4A1B-9698-22952C94AA99}.Release|x86.Build.0 = Release|Any CPU
	EndGlobalSection
	GlobalSection(SolutionProperties) = preSolution
		HideSolutionNode = FALSE
	EndGlobalSection
	GlobalSection(ExtensibilityGlobals) = postSolution
		SolutionGuid = {BF56723C-C9C2-4C60-BA18-0E7208C380C4}
	EndGlobalSection
EndGlobal
